
Microsoft Visual Studio Solution File, Format Version 12.00
# Visual Studio Version 17
VisualStudioVersion = 17.5.33627.172
MinimumVisualStudioVersion = 10.0.40219.1
Project("{FAE04EC0-301F-11D3-BF4B-00C04F79EFBC}") = "Easyenv console", "Easyenv console.csproj", "{1935CFDA-0C08-4A77-8738-5DE519184B11}"
EndProject
Global
	GlobalSection(SolutionConfigurationPlatforms) = preSolution
		Debug|Any CPU = Debug|Any CPU
		Release|Any CPU = Release|Any CPU
	EndGlobalSection
	GlobalSection(ProjectConfigurationPlatforms) = postSolution
		{1935CFDA-0C08-4A77-8738-5DE519184B11}.Debug|Any CPU.ActiveCfg = Debug|Any CPU
		{1935CFDA-0C08-4A77-8738-5DE519184B11}.Debug|Any CPU.Build.0 = Debug|Any CPU
		{1935CFDA-0C08-4A77-8738-5DE519184B11}.Release|Any CPU.ActiveCfg = Release|Any CPU
		{1935CFDA-0C08-4A77-8738-5DE519184B11}.Release|Any CPU.Build.0 = Release|Any CPU
	EndGlobalSection
	GlobalSection(SolutionProperties) = preSolution
		HideSolutionNode = FALSE
	EndGlobalSection
	GlobalSection(ExtensibilityGlobals) = postSolution
		SolutionGuid = {504DBE23-FE5C-4E63-B883-15A974CFF5A3}
	EndGlobalSection
EndGlobal
